
Microsoft Visual Studio Solution File, Format Version 12.00
# Visual Studio 15
VisualStudioVersion = 15.0.27130.2027
MinimumVisualStudioVersion = 10.0.40219.1
Project("{F184B08F-C81C-45F6-A57F-5ABD9991F28F}") = "ExcelAddIn1", "ExcelAddIn1\ExcelAddIn1.vbproj", "{B63C217B-390F-47E3-8EBE-224E439DD427}"
EndProject
Global
	GlobalSection(SolutionConfigurationPlatforms) = preSolution
		Debug|Any CPU = Debug|Any CPU
		Release|Any CPU = Release|Any CPU
	EndGlobalSection
	GlobalSection(ProjectConfigurationPlatforms) = postSolution
		{B63C217B-390F-47E3-8EBE-224E439DD427}.Debug|Any CPU.ActiveCfg = Debug|Any CPU
		{B63C217B-390F-47E3-8EBE-224E439DD427}.Debug|Any CPU.Build.0 = Debug|Any CPU
		{B63C217B-390F-47E3-8EBE-224E439DD427}.Release|Any CPU.ActiveCfg = Release|Any CPU
		{B63C217B-390F-47E3-8EBE-224E439DD427}.Release|Any CPU.Build.0 = Release|Any CPU
	EndGlobalSection
	GlobalSection(SolutionProperties) = preSolution
		HideSolutionNode = FALSE
	EndGlobalSection
	GlobalSection(ExtensibilityGlobals) = postSolution
		SolutionGuid = {7DE26652-85FF-425D-9927-779D8039B046}
	EndGlobalSection
EndGlobal
